// !$*UTF8*$!
{
	archiveVersion = 1;
	classes = {
	};
	objectVersion = 46;
	objects = {

/* Begin PBXBuildFile section */
		257C5C391E4185AA00239EAA /* Constants.swift in Sources */ = {isa = PBXBuildFile; fileRef = 257C5C381E4185AA00239EAA /* Constants.swift */; };
		257C5C3B1E4185F100239EAA /* HomeViewController.swift in Sources */ = {isa = PBXBuildFile; fileRef = 257C5C3A1E4185F100239EAA /* HomeViewController.swift */; };
		4FB9B8A21E417310004E1EA3 /* GoogleService-Info.plist in Resources */ = {isa = PBXBuildFile; fileRef = 4FB9B8A11E417310004E1EA3 /* GoogleService-Info.plist */; };
		4FB9B8A41E417385004E1EA3 /* LineButton.swift in Sources */ = {isa = PBXBuildFile; fileRef = 4FB9B8A31E417385004E1EA3 /* LineButton.swift */; };
		4FFF78131E416E6D0041383F /* AppDelegate.swift in Sources */ = {isa = PBXBuildFile; fileRef = 4FFF78121E416E6D0041383F /* AppDelegate.swift */; };
		4FFF78151E416E6D0041383F /* ViewController.swift in Sources */ = {isa = PBXBuildFile; fileRef = 4FFF78141E416E6D0041383F /* ViewController.swift */; };
		4FFF78181E416E6D0041383F /* Main.storyboard in Resources */ = {isa = PBXBuildFile; fileRef = 4FFF78161E416E6D0041383F /* Main.storyboard */; };
		4FFF781A1E416E6D0041383F /* Assets.xcassets in Resources */ = {isa = PBXBuildFile; fileRef = 4FFF78191E416E6D0041383F /* Assets.xcassets */; };
		4FFF781D1E416E6D0041383F /* LaunchScreen.storyboard in Resources */ = {isa = PBXBuildFile; fileRef = 4FFF781B1E416E6D0041383F /* LaunchScreen.storyboard */; };
		71C5F501E00A728BE1DF32C4 /* Pods_LazyEggsTest.framework in Frameworks */ = {isa = PBXBuildFile; fileRef = 9479231F0285741986A9CBA3 /* Pods_LazyEggsTest.framework */; };
/* End PBXBuildFile section */

/* Begin PBXFileReference section */
		257C5C381E4185AA00239EAA /* Constants.swift */ = {isa = PBXFileReference; fileEncoding = 4; lastKnownFileType = sourcecode.swift; path = Constants.swift; sourceTree = "<group>"; };
		257C5C3A1E4185F100239EAA /* HomeViewController.swift */ = {isa = PBXFileReference; fileEncoding = 4; lastKnownFileType = sourcecode.swift; path = HomeViewController.swift; sourceTree = "<group>"; };
		4FB9B8A11E417310004E1EA3 /* GoogleService-Info.plist */ = {isa = PBXFileReference; fileEncoding = 4; lastKnownFileType = text.plist.xml; path = "GoogleService-Info.plist"; sourceTree = "<group>"; };
		4FB9B8A31E417385004E1EA3 /* LineButton.swift */ = {isa = PBXFileReference; fileEncoding = 4; lastKnownFileType = sourcecode.swift; path = LineButton.swift; sourceTree = "<group>"; };
		4FFF780F1E416E6D0041383F /* LazyEggsTest.app */ = {isa = PBXFileReference; explicitFileType = wrapper.application; includeInIndex = 0; path = LazyEggsTest.app; sourceTree = BUILT_PRODUCTS_DIR; };
		4FFF78121E416E6D0041383F /* AppDelegate.swift */ = {isa = PBXFileReference; lastKnownFileType = sourcecode.swift; path = AppDelegate.swift; sourceTree = "<group>"; };
		4FFF78141E416E6D0041383F /* ViewController.swift */ = {isa = PBXFileReference; lastKnownFileType = sourcecode.swift; path = ViewController.swift; sourceTree = "<group>"; };
		4FFF78171E416E6D0041383F /* Base */ = {isa = PBXFileReference; lastKnownFileType = file.storyboard; name = Base; path = Base.lproj/Main.storyboard; sourceTree = "<group>"; };
		4FFF78191E416E6D0041383F /* Assets.xcassets */ = {isa = PBXFileReference; lastKnownFileType = folder.assetcatalog; path = Assets.xcassets; sourceTree = "<group>"; };
		4FFF781C1E416E6D0041383F /* Base */ = {isa = PBXFileReference; lastKnownFileType = file.storyboard; name = Base; path = Base.lproj/LaunchScreen.storyboard; sourceTree = "<group>"; };
		4FFF781E1E416E6D0041383F /* Info.plist */ = {isa = PBXFileReference; lastKnownFileType = text.plist.xml; path = Info.plist; sourceTree = "<group>"; };
		824C243A012FEB3AEBF9111B /* Pods-LazyEggsTest.release.xcconfig */ = {isa = PBXFileReference; includeInIndex = 1; lastKnownFileType = text.xcconfig; name = "Pods-LazyEggsTest.release.xcconfig"; path = "Pods/Target Support Files/Pods-LazyEggsTest/Pods-LazyEggsTest.release.xcconfig"; sourceTree = "<group>"; };
		9479231F0285741986A9CBA3 /* Pods_LazyEggsTest.framework */ = {isa = PBXFileReference; explicitFileType = wrapper.framework; includeInIndex = 0; path = Pods_LazyEggsTest.framework; sourceTree = BUILT_PRODUCTS_DIR; };
		AFB438E1778DF4201F748EF1 /* Pods-LazyEggsTest.debug.xcconfig */ = {isa = PBXFileReference; includeInIndex = 1; lastKnownFileType = text.xcconfig; name = "Pods-LazyEggsTest.debug.xcconfig"; path = "Pods/Target Support Files/Pods-LazyEggsTest/Pods-LazyEggsTest.debug.xcconfig"; sourceTree = "<group>"; };
/* End PBXFileReference section */

/* Begin PBXFrameworksBuildPhase section */
		4FFF780C1E416E6D0041383F /* Frameworks */ = {
			isa = PBXFrameworksBuildPhase;
			buildActionMask = 2147483647;
			files = (
				71C5F501E00A728BE1DF32C4 /* Pods_LazyEggsTest.framework in Frameworks */,
			);
			runOnlyForDeploymentPostprocessing = 0;
		};
/* End PBXFrameworksBuildPhase section */

/* Begin PBXGroup section */
		31637F36F8BB44A6A809F55D /* Pods */ = {
			isa = PBXGroup;
			children = (
				AFB438E1778DF4201F748EF1 /* Pods-LazyEggsTest.debug.xcconfig */,
				824C243A012FEB3AEBF9111B /* Pods-LazyEggsTest.release.xcconfig */,
			);
			name = Pods;
			sourceTree = "<group>";
		};
		4FFF78061E416E6D0041383F = {
			isa = PBXGroup;
			children = (
				4FFF78111E416E6D0041383F /* LazyEggsTest */,
				4FFF78101E416E6D0041383F /* Products */,
				31637F36F8BB44A6A809F55D /* Pods */,
				C8E44B20AA1196A2F725C08E /* Frameworks */,
			);
			sourceTree = "<group>";
		};
		4FFF78101E416E6D0041383F /* Products */ = {
			isa = PBXGroup;
			children = (
				4FFF780F1E416E6D0041383F /* LazyEggsTest.app */,
			);
			name = Products;
			sourceTree = "<group>";
		};
		4FFF78111E416E6D0041383F /* LazyEggsTest */ = {
			isa = PBXGroup;
			children = (
				4FFF78121E416E6D0041383F /* AppDelegate.swift */,
				4FFF78141E416E6D0041383F /* ViewController.swift */,
				4FB9B8A31E417385004E1EA3 /* LineButton.swift */,
				4FFF78161E416E6D0041383F /* Main.storyboard */,
				4FFF78191E416E6D0041383F /* Assets.xcassets */,
				4FFF781B1E416E6D0041383F /* LaunchScreen.storyboard */,
				4FB9B8A11E417310004E1EA3 /* GoogleService-Info.plist */,
				4FFF781E1E416E6D0041383F /* Info.plist */,
				257C5C381E4185AA00239EAA /* Constants.swift */,
				257C5C3A1E4185F100239EAA /* HomeViewController.swift */,
			);
			path = LazyEggsTest;
			sourceTree = "<group>";
		};
		C8E44B20AA1196A2F725C08E /* Frameworks */ = {
			isa = PBXGroup;
			children = (
				9479231F0285741986A9CBA3 /* Pods_LazyEggsTest.framework */,
			);
			name = Frameworks;
			sourceTree = "<group>";
		};
/* End PBXGroup section */

/* Begin PBXNativeTarget section */
		4FFF780E1E416E6D0041383F /* LazyEggsTest */ = {
			isa = PBXNativeTarget;
			buildConfigurationList = 4FFF78211E416E6D0041383F /* Build configuration list for PBXNativeTarget "LazyEggsTest" */;
			buildPhases = (
				71CCE7305D9BA2334700A526 /* [CP] Check Pods Manifest.lock */,
				4FFF780B1E416E6D0041383F /* Sources */,
				4FFF780C1E416E6D0041383F /* Frameworks */,
				4FFF780D1E416E6D0041383F /* Resources */,
				49237C5DBADE6FA6BA8770F6 /* [CP] Embed Pods Frameworks */,
				2C70D33244BCE53EF1A264F2 /* [CP] Copy Pods Resources */,
			);
			buildRules = (
			);
			dependencies = (
			);
			name = LazyEggsTest;
			productName = LazyEggsTest;
			productReference = 4FFF780F1E416E6D0041383F /* LazyEggsTest.app */;
			productType = "com.apple.product-type.application";
		};
/* End PBXNativeTarget section */

/* Begin PBXProject section */
		4FFF78071E416E6D0041383F /* Project object */ = {
			isa = PBXProject;
			attributes = {
				LastSwiftUpdateCheck = 0800;
				LastUpgradeCheck = 0800;
				ORGANIZATIONNAME = self.edu;
				TargetAttributes = {
					4FFF780E1E416E6D0041383F = {
						CreatedOnToolsVersion = 8.0;
						DevelopmentTeam = QDV9LRZF6S;
						ProvisioningStyle = Automatic;
					};
				};
			};
			buildConfigurationList = 4FFF780A1E416E6D0041383F /* Build configuration list for PBXProject "LazyEggsTest" */;
			compatibilityVersion = "Xcode 3.2";
			developmentRegion = English;
			hasScannedForEncodings = 0;
			knownRegions = (
				en,
				Base,
			);
			mainGroup = 4FFF78061E416E6D0041383F;
			productRefGroup = 4FFF78101E416E6D0041383F /* Products */;
			projectDirPath = "";
			projectRoot = "";
			targets = (
				4FFF780E1E416E6D0041383F /* LazyEggsTest */,
			);
		};
/* End PBXProject section */

/* Begin PBXResourcesBuildPhase section */
		4FFF780D1E416E6D0041383F /* Resources */ = {
			isa = PBXResourcesBuildPhase;
			buildActionMask = 2147483647;
			files = (
				4FFF781D1E416E6D0041383F /* LaunchScreen.storyboard in Resources */,
				4FFF781A1E416E6D0041383F /* Assets.xcassets in Resources */,
				4FFF78181E416E6D0041383F /* Main.storyboard in Resources */,
				4FB9B8A21E417310004E1EA3 /* GoogleService-Info.plist in Resources */,
			);
			runOnlyForDeploymentPostprocessing = 0;
		};
/* End PBXResourcesBuildPhase section */

/* Begin PBXShellScriptBuildPhase section */
		2C70D33244BCE53EF1A264F2 /* [CP] Copy Pods Resources */ = {
			isa = PBXShellScriptBuildPhase;
			buildActionMask = 2147483647;
			files = (
			);
			inputPaths = (
			);
			name = "[CP] Copy Pods Resources";
			outputPaths = (
			);
			runOnlyForDeploymentPostprocessing = 0;
			shellPath = /bin/sh;
			shellScript = "\"${SRCROOT}/Pods/Target Support Files/Pods-LazyEggsTest/Pods-LazyEggsTest-resources.sh\"\n";
			showEnvVarsInLog = 0;
		};
		49237C5DBADE6FA6BA8770F6 /* [CP] Embed Pods Frameworks */ = {
			isa = PBXShellScriptBuildPhase;
			buildActionMask = 2147483647;
			files = (
			);
			inputPaths = (
			);
			name = "[CP] Embed Pods Frameworks";
			outputPaths = (
			);
			runOnlyForDeploymentPostprocessing = 0;
			shellPath = /bin/sh;
			shellScript = "\"${SRCROOT}/Pods/Target Support Files/Pods-LazyEggsTest/Pods-LazyEggsTest-frameworks.sh\"\n";
			showEnvVarsInLog = 0;
		};
		71CCE7305D9BA2334700A526 /* [CP] Check Pods Manifest.lock */ = {
			isa = PBXShellScriptBuildPhase;
			buildActionMask = 2147483647;
			files = (
			);
			inputPaths = (
			);
			name = "[CP] Check Pods Manifest.lock";
			outputPaths = (
			);
			runOnlyForDeploymentPostprocessing = 0;
			shellPath = /bin/sh;
			shellScript = "diff \"${PODS_ROOT}/../Podfile.lock\" \"${PODS_ROOT}/Manifest.lock\" > /dev/null\nif [ $? != 0 ] ; then\n    # print error to STDERR\n    echo \"error: The sandbox is not in sync with the Podfile.lock. Run 'pod install' or update your CocoaPods installation.\" >&2\n    exit 1\nfi\n";
			showEnvVarsInLog = 0;
		};
/* End PBXShellScriptBuildPhase section */

/* Begin PBXSourcesBuildPhase section */
		4FFF780B1E416E6D0041383F /* Sources */ = {
			isa = PBXSourcesBuildPhase;
			buildActionMask = 2147483647;
			files = (
				257C5C3B1E4185F100239EAA /* HomeViewController.swift in Sources */,
				4FFF78151E416E6D0041383F /* ViewController.swift in Sources */,
				4FFF78131E416E6D0041383F /* AppDelegate.swift in Sources */,
				4FB9B8A41E417385004E1EA3 /* LineButton.swift in Sources */,
				257C5C391E4185AA00239EAA /* Constants.swift in Sources */,
			);
			runOnlyForDeploymentPostprocessing = 0;
		};
/* End PBXSourcesBuildPhase section */

/* Begin PBXVariantGroup section */
		4FFF78161E416E6D0041383F /* Main.storyboard */ = {
			isa = PBXVariantGroup;
			children = (
				4FFF78171E416E6D0041383F /* Base */,
			);
			name = Main.storyboard;
			sourceTree = "<group>";
		};
		4FFF781B1E416E6D0041383F /* LaunchScreen.storyboard */ = {
			isa = PBXVariantGroup;
			children = (
				4FFF781C1E416E6D0041383F /* Base */,
			);
			name = LaunchScreen.storyboard;
			sourceTree = "<group>";
		};
/* End PBXVariantGroup section */

/* Begin XCBuildConfiguration section */
		4FFF781F1E416E6D0041383F /* Debug */ = {
			isa = XCBuildConfiguration;
			buildSettings = {
				ALWAYS_SEARCH_USER_PATHS = NO;
				CLANG_ANALYZER_NONNULL = YES;
				CLANG_CXX_LANGUAGE_STANDARD = "gnu++0x";
				CLANG_CXX_LIBRARY = "libc++";
				CLANG_ENABLE_MODULES = YES;
				CLANG_ENABLE_OBJC_ARC = YES;
				CLANG_WARN_BOOL_CONVERSION = YES;
				CLANG_WARN_CONSTANT_CONVERSION = YES;
				CLANG_WARN_DIRECT_OBJC_ISA_USAGE = YES_ERROR;
				CLANG_WARN_DOCUMENTATION_COMMENTS = YES;
				CLANG_WARN_EMPTY_BODY = YES;
				CLANG_WARN_ENUM_CONVERSION = YES;
				CLANG_WARN_INFINITE_RECURSION = YES;
				CLANG_WARN_INT_CONVERSION = YES;
				CLANG_WARN_OBJC_ROOT_CLASS = YES_ERROR;
				CLANG_WARN_SUSPICIOUS_MOVES = YES;
				CLANG_WARN_UNREACHABLE_CODE = YES;
				CLANG_WARN__DUPLICATE_METHOD_MATCH = YES;
				"CODE_SIGN_IDENTITY[sdk=iphoneos*]" = "iPhone Developer";
				COPY_PHASE_STRIP = NO;
				DEBUG_INFORMATION_FORMAT = dwarf;
				ENABLE_STRICT_OBJC_MSGSEND = YES;
				ENABLE_TESTABILITY = YES;
				GCC_C_LANGUAGE_STANDARD = gnu99;
				GCC_DYNAMIC_NO_PIC = NO;
				GCC_NO_COMMON_BLOCKS = YES;
				GCC_OPTIMIZATION_LEVEL = 0;
				GCC_PREPROCESSOR_DEFINITIONS = (
					"DEBUG=1",
					"$(inherited)",
				);
				GCC_WARN_64_TO_32_BIT_CONVERSION = YES;
				GCC_WARN_ABOUT_RETURN_TYPE = YES_ERROR;
				GCC_WARN_UNDECLARED_SELECTOR = YES;
				GCC_WARN_UNINITIALIZED_AUTOS = YES_AGGRESSIVE;
				GCC_WARN_UNUSED_FUNCTION = YES;
				GCC_WARN_UNUSED_VARIABLE = YES;
				IPHONEOS_DEPLOYMENT_TARGET = 10.0;
				MTL_ENABLE_DEBUG_INFO = YES;
				ONLY_ACTIVE_ARCH = YES;
				SDKROOT = iphoneos;
				SWIFT_ACTIVE_COMPILATION_CONDITIONS = DEBUG;
				SWIFT_OPTIMIZATION_LEVEL = "-Onone";
			};
			name = Debug;
		};
		4FFF78201E416E6D0041383F /* Release */ = {
			isa = XCBuildConfiguration;
			buildSettings = {
				ALWAYS_SEARCH_USER_PATHS = NO;
				CLANG_ANALYZER_NONNULL = YES;
				CLANG_CXX_LANGUAGE_STANDARD = "gnu++0x";
				CLANG_CXX_LIBRARY = "libc++";
				CLANG_ENABLE_MODULES = YES;
				CLANG_ENABLE_OBJC_ARC = YES;
				CLANG_WARN_BOOL_CONVERSION = YES;
				CLANG_WARN_CONSTANT_CONVERSION = YES;
				CLANG_WARN_DIRECT_OBJC_ISA_USAGE = YES_ERROR;
				CLANG_WARN_DOCUMENTATION_COMMENTS = YES;
				CLANG_WARN_EMPTY_BODY = YES;
				CLANG_WARN_ENUM_CONVERSION = YES;
				CLANG_WARN_INFINITE_RECURSION = YES;
				CLANG_WARN_INT_CONVERSION = YES;
				CLANG_WARN_OBJC_ROOT_CLASS = YES_ERROR;
				CLANG_WARN_SUSPICIOUS_MOVES = YES;
				CLANG_WARN_UNREACHABLE_CODE = YES;
				CLANG_WARN__DUPLICATE_METHOD_MATCH = YES;
				"CODE_SIGN_IDENTITY[sdk=iphoneos*]" = "iPhone Developer";
				COPY_PHASE_STRIP = NO;
				DEBUG_INFORMATION_FORMAT = "dwarf-with-dsym";
				ENABLE_NS_ASSERTIONS = NO;
				ENABLE_STRICT_OBJC_MSGSEND = YES;
				GCC_C_LANGUAGE_STANDARD = gnu99;
				GCC_NO_COMMON_BLOCKS = YES;
				GCC_WARN_64_TO_32_BIT_CONVERSION = YES;
				GCC_WARN_ABOUT_RETURN_TYPE = YES_ERROR;
				GCC_WARN_UNDECLARED_SELECTOR = YES;
				GCC_WARN_UNINITIALIZED_AUTOS = YES_AGGRESSIVE;
				GCC_WARN_UNUSED_FUNCTION = YES;
				GCC_WARN_UNUSED_VARIABLE = YES;
				IPHONEOS_DEPLOYMENT_TARGET = 10.0;
				MTL_ENABLE_DEBUG_INFO = NO;
				SDKROOT = iphoneos;
				SWIFT_OPTIMIZATION_LEVEL = "-Owholemodule";
				VALIDATE_PRODUCT = YES;
			};
			name = Release;
		};
		4FFF78221E416E6D0041383F /* Debug */ = {
			isa = XCBuildConfiguration;
			baseConfigurationReference = AFB438E1778DF4201F748EF1 /* Pods-LazyEggsTest.debug.xcconfig */;
			buildSettings = {
				ASSETCATALOG_COMPILER_APPICON_NAME = AppIcon;
				DEVELOPMENT_TEAM = QDV9LRZF6S;
				INFOPLIST_FILE = LazyEggsTest/Info.plist;
				LD_RUNPATH_SEARCH_PATHS = "$(inherited) @executable_path/Frameworks";
				PRODUCT_BUNDLE_IDENTIFIER = self.edu.LazyEggsTest;
				PRODUCT_NAME = "$(TARGET_NAME)";
				SWIFT_VERSION = 3.0;
			};
			name = Debug;
		};
		4FFF78231E416E6D0041383F /* Release */ = {
			isa = XCBuildConfiguration;
			baseConfigurationReference = 824C243A012FEB3AEBF9111B /* Pods-LazyEggsTest.release.xcconfig */;
			buildSettings = {
				ASSETCATALOG_COMPILER_APPICON_NAME = AppIcon;
				DEVELOPMENT_TEAM = QDV9LRZF6S;
				INFOPLIST_FILE = LazyEggsTest/Info.plist;
				LD_RUNPATH_SEARCH_PATHS = "$(inherited) @executable_path/Frameworks";
				PRODUCT_BUNDLE_IDENTIFIER = self.edu.LazyEggsTest;
				PRODUCT_NAME = "$(TARGET_NAME)";
				SWIFT_VERSION = 3.0;
			};
			name = Release;
		};
/* End XCBuildConfiguration section */

/* Begin XCConfigurationList section */
		4FFF780A1E416E6D0041383F /* Build configuration list for PBXProject "LazyEggsTest" */ = {
			isa = XCConfigurationList;
			buildConfigurations = (
				4FFF781F1E416E6D0041383F /* Debug */,
				4FFF78201E416E6D0041383F /* Release */,
			);
			defaultConfigurationIsVisible = 0;
			defaultConfigurationName = Release;
		};
		4FFF78211E416E6D0041383F /* Build configuration list for PBXNativeTarget "LazyEggsTest" */ = {
			isa = XCConfigurationList;
			buildConfigurations = (
				4FFF78221E416E6D0041383F /* Debug */,
				4FFF78231E416E6D0041383F /* Release */,
			);
			defaultConfigurationIsVisible = 0;
			defaultConfigurationName = Release;
		};
/* End XCConfigurationList section */
	};
	rootObject = 4FFF78071E416E6D0041383F /* Project object */;
}
